
Microsoft Visual Studio Solution File, Format Version 12.00
# Visual Studio Version 17
VisualStudioVersion = 17.6.33829.357
MinimumVisualStudioVersion = 10.0.40219.1
Project("{9A19103F-16F7-4668-BE54-9A1E7A4F7556}") = "Assignment3_Satya", "Assign3json\Assignment3_Satya.csproj", "{11682F82-5397-40E2-B657-62D0B2DFCFC3}"
EndProject
Global
	GlobalSection(SolutionConfigurationPlatforms) = preSolution
		Debug|Any CPU = Debug|Any CPU
		Release|Any CPU = Release|Any CPU
	EndGlobalSection
	GlobalSection(ProjectConfigurationPlatforms) = postSolution
		{11682F82-5397-40E2-B657-62D0B2DFCFC3}.Debug|Any CPU.ActiveCfg = Debug|Any CPU
		{11682F82-5397-40E2-B657-62D0B2DFCFC3}.Debug|Any CPU.Build.0 = Debug|Any CPU
		{11682F82-5397-40E2-B657-62D0B2DFCFC3}.Release|Any CPU.ActiveCfg = Release|Any CPU
		{11682F82-5397-40E2-B657-62D0B2DFCFC3}.Release|Any CPU.Build.0 = Release|Any CPU
	EndGlobalSection
	GlobalSection(SolutionProperties) = preSolution
		HideSolutionNode = FALSE
	EndGlobalSection
	GlobalSection(ExtensibilityGlobals) = postSolution
		SolutionGuid = {2631765F-C586-498F-967B-C2CB01E1DF69}
	EndGlobalSection
EndGlobal
